
Microsoft Visual Studio Solution File, Format Version 12.00
# Visual Studio 15
VisualStudioVersion = 15.0.27130.2036
MinimumVisualStudioVersion = 10.0.40219.1
Project("{FAE04EC0-301F-11D3-BF4B-00C04F79EFBC}") = "Calculator", "Calculator\Calculator.csproj", "{28DBC870-6BCB-4A66-BF55-F28B997BCDA6}"
EndProject
Global
	GlobalSection(SolutionConfigurationPlatforms) = preSolution
		Debug|Any CPU = Debug|Any CPU
		Release|Any CPU = Release|Any CPU
	EndGlobalSection
	GlobalSection(ProjectConfigurationPlatforms) = postSolution
		{28DBC870-6BCB-4A66-BF55-F28B997BCDA6}.Debug|Any CPU.ActiveCfg = Debug|Any CPU
		{28DBC870-6BCB-4A66-BF55-F28B997BCDA6}.Debug|Any CPU.Build.0 = Debug|Any CPU
		{28DBC870-6BCB-4A66-BF55-F28B997BCDA6}.Release|Any CPU.ActiveCfg = Release|Any CPU
		{28DBC870-6BCB-4A66-BF55-F28B997BCDA6}.Release|Any CPU.Build.0 = Release|Any CPU
	EndGlobalSection
	GlobalSection(SolutionProperties) = preSolution
		HideSolutionNode = FALSE
	EndGlobalSection
	GlobalSection(ExtensibilityGlobals) = postSolution
		SolutionGuid = {04A9DA8B-4FA4-437C-9E4A-3A666E548A2D}
	EndGlobalSection
EndGlobal
